
Microsoft Visual Studio Solution File, Format Version 12.00
# Visual Studio Version 17
VisualStudioVersion = 17.5.002.0
MinimumVisualStudioVersion = 10.0.40219.1
Project("{9A19103F-16F7-4668-BE54-9A1E7A4F7556}") = "SkiaSharpSample", "SkiaSharpSample\SkiaSharpSample.csproj", "{9BC4BF35-ACBF-4590-84A6-E8DB959C972A}"
EndProject
Global
	GlobalSection(SolutionConfigurationPlatforms) = preSolution
		Debug|Any CPU = Debug|Any CPU
		Release|Any CPU = Release|Any CPU
	EndGlobalSection
	GlobalSection(ProjectConfigurationPlatforms) = postSolution
		{9BC4BF35-ACBF-4590-84A6-E8DB959C972A}.Debug|Any CPU.ActiveCfg = Debug|Any CPU
		{9BC4BF35-ACBF-4590-84A6-E8DB959C972A}.Debug|Any CPU.Build.0 = Debug|Any CPU
		{9BC4BF35-ACBF-4590-84A6-E8DB959C972A}.Release|Any CPU.ActiveCfg = Release|Any CPU
		{9BC4BF35-ACBF-4590-84A6-E8DB959C972A}.Release|Any CPU.Build.0 = Release|Any CPU
	EndGlobalSection
	GlobalSection(SolutionProperties) = preSolution
		HideSolutionNode = FALSE
	EndGlobalSection
	GlobalSection(ExtensibilityGlobals) = postSolution
		SolutionGuid = {10F6240D-167F-41B0-A4B7-EE0E88205900}
	EndGlobalSection
EndGlobal
